<?xml version="1.0" encoding="UTF-8" standalone="yes" ?>
<CodeBlocks_project_file>
	<FileVersion major="1" minor="6" />
	<Project>
		<Option title="Nullocity (ubu64)" />
		<Option pch_mode="2" />
		<Option compiler="gcc" />
		<Build>
			<Target title="Debug">
				<Option output="bin/Debug/ubu64" prefix_auto="1" extension_auto="1" />
				<Option object_output="obj/Debug/" />
				<Option type="1" />
				<Option compiler="gcc" />
				<Compiler>
					<Add option="-g" />
				</Compiler>
				<Linker>
					<Add directory="../../SDL2TK/project/ubu64/bin/Debug/" />
				</Linker>
			</Target>
			<Target title="Release">
				<Option output="bin/Release/ubu64" prefix_auto="1" extension_auto="1" />
				<Option object_output="obj/Release/" />
				<Option type="1" />
				<Option compiler="gcc" />
				<Compiler>
					<Add option="-O2" />
				</Compiler>
				<Linker>
					<Add option="-s" />
					<Add directory="../../SDL2TK/project/ubu64/bin/Release/" />
				</Linker>
			</Target>
		</Build>
		<Compiler>
			<Add option="-std=c++11" />
			<Add option="-Wall" />
			<Add directory="/usr/local/include/SDL2" />
			<Add directory="../../SDL2TK/include" />
		</Compiler>
		<Linker>
			<Add library="sdl2tk-ubu64" />
			<Add library="SDL2main" />
			<Add library="SDL2" />
			<Add library="GL" />
		</Linker>
		<Unit filename="../SimpleProgram.cpp" />
		<Unit filename="../SimpleProgram.hpp" />
		<Unit filename="../source/GameModule.cpp" />
		<Unit filename="../source/GameModule.hpp" />
		<Unit filename="../source/main.cpp" />
		<Extensions>
			<code_completion />
			<debugger />
		</Extensions>
	</Project>
</CodeBlocks_project_file>
